// !$*UTF8*$!
{
	archiveVersion = 1;
	classes = {
	};
	objectVersion = 56;
	objects = {

/* Begin PBXBuildFile section */
		E506224C29711A1000D84769 /* FloatingTabBar.swift in Sources */ = {isa = PBXBuildFile; fileRef = E506224B29711A1000D84769 /* FloatingTabBar.swift */; };
		E506224E29711B3D00D84769 /* DatePickerView.swift in Sources */ = {isa = PBXBuildFile; fileRef = E506224D29711B3D00D84769 /* DatePickerView.swift */; };
		E50622502971296500D84769 /* Test.swift in Sources */ = {isa = PBXBuildFile; fileRef = E506224F2971296500D84769 /* Test.swift */; };
		E51C136B2972002300D7D123 /* SegmentedPicker.swift in Sources */ = {isa = PBXBuildFile; fileRef = E51C136A2972002200D7D123 /* SegmentedPicker.swift */; };
		E5480633296FB5710067FEA0 /* DynamicTabHeader.swift in Sources */ = {isa = PBXBuildFile; fileRef = E5480632296FB5710067FEA0 /* DynamicTabHeader.swift */; };
		E5480635296FC6350067FEA0 /* ScrollViewOffset.swift in Sources */ = {isa = PBXBuildFile; fileRef = E5480634296FC6350067FEA0 /* ScrollViewOffset.swift */; };
		E5825001296CD41C00AE7C4A /* Tab.swift in Sources */ = {isa = PBXBuildFile; fileRef = E5825000296CD41C00AE7C4A /* Tab.swift */; };
		E58AB9BC296B71DE00869B72 /* FootballPlayerStatsView.swift in Sources */ = {isa = PBXBuildFile; fileRef = E58AB9BB296B71DE00869B72 /* FootballPlayerStatsView.swift */; };
		E58AB9BE296B74B500869B72 /* FootballSummaryModel.swift in Sources */ = {isa = PBXBuildFile; fileRef = E58AB9BD296B74B500869B72 /* FootballSummaryModel.swift */; };
		E5C0D308296E77770071BED0 /* LinescoreView.swift in Sources */ = {isa = PBXBuildFile; fileRef = E5C0D307296E77770071BED0 /* LinescoreView.swift */; };
		E5C1EB972968E09100E7D0A5 /* DailyApp.swift in Sources */ = {isa = PBXBuildFile; fileRef = E5C1EB962968E09100E7D0A5 /* DailyApp.swift */; };
		E5C1EB992968E09100E7D0A5 /* ContentView.swift in Sources */ = {isa = PBXBuildFile; fileRef = E5C1EB982968E09100E7D0A5 /* ContentView.swift */; };
		E5C1EB9B2968E09200E7D0A5 /* Assets.xcassets in Resources */ = {isa = PBXBuildFile; fileRef = E5C1EB9A2968E09200E7D0A5 /* Assets.xcassets */; };
		E5C1EB9E2968E09200E7D0A5 /* Preview Assets.xcassets in Resources */ = {isa = PBXBuildFile; fileRef = E5C1EB9D2968E09200E7D0A5 /* Preview Assets.xcassets */; };
		E5C1EBA82968E09200E7D0A5 /* DailyTests.swift in Sources */ = {isa = PBXBuildFile; fileRef = E5C1EBA72968E09200E7D0A5 /* DailyTests.swift */; };
		E5C1EBB22968E09200E7D0A5 /* DailyUITests.swift in Sources */ = {isa = PBXBuildFile; fileRef = E5C1EBB12968E09200E7D0A5 /* DailyUITests.swift */; };
		E5C1EBB42968E09200E7D0A5 /* DailyUITestsLaunchTests.swift in Sources */ = {isa = PBXBuildFile; fileRef = E5C1EBB32968E09200E7D0A5 /* DailyUITestsLaunchTests.swift */; };
		E5C1EBC22968E0C100E7D0A5 /* SDWebImageSwiftUI in Frameworks */ = {isa = PBXBuildFile; productRef = E5C1EBC12968E0C100E7D0A5 /* SDWebImageSwiftUI */; };
		E5C1EBC52968E0CC00E7D0A5 /* Introspect in Frameworks */ = {isa = PBXBuildFile; productRef = E5C1EBC42968E0CC00E7D0A5 /* Introspect */; };
		E5C1EBCA2968E19B00E7D0A5 /* HomeView.swift in Sources */ = {isa = PBXBuildFile; fileRef = E5C1EBC92968E19B00E7D0A5 /* HomeView.swift */; };
		E5C1EBCC2968E1B900E7D0A5 /* Network.swift in Sources */ = {isa = PBXBuildFile; fileRef = E5C1EBCB2968E1B900E7D0A5 /* Network.swift */; };
		E5C1EBCE2968E1E300E7D0A5 /* ScoreView.swift in Sources */ = {isa = PBXBuildFile; fileRef = E5C1EBCD2968E1E300E7D0A5 /* ScoreView.swift */; };
		E5C1EBD02968E24F00E7D0A5 /* ViewModel.swift in Sources */ = {isa = PBXBuildFile; fileRef = E5C1EBCF2968E24F00E7D0A5 /* ViewModel.swift */; };
		E5C1EBD32968E32600E7D0A5 /* Sections.swift in Sources */ = {isa = PBXBuildFile; fileRef = E5C1EBD22968E32600E7D0A5 /* Sections.swift */; };
		E5C1EBD52968E35000E7D0A5 /* SportsModel.swift in Sources */ = {isa = PBXBuildFile; fileRef = E5C1EBD42968E35000E7D0A5 /* SportsModel.swift */; };
		E5C1EBD72968E37500E7D0A5 /* Extensions.swift in Sources */ = {isa = PBXBuildFile; fileRef = E5C1EBD62968E37500E7D0A5 /* Extensions.swift */; };
		E5C1EBD92968F11500E7D0A5 /* BasketballSummaryModel.swift in Sources */ = {isa = PBXBuildFile; fileRef = E5C1EBD82968F11500E7D0A5 /* BasketballSummaryModel.swift */; };
		E5C1EBDB2968F47000E7D0A5 /* SummaryView.swift in Sources */ = {isa = PBXBuildFile; fileRef = E5C1EBDA2968F47000E7D0A5 /* SummaryView.swift */; };
		E5E6D1A0296A9AB600E6EF83 /* BasketballPlayerStatsView.swift in Sources */ = {isa = PBXBuildFile; fileRef = E5E6D19F296A9AB600E6EF83 /* BasketballPlayerStatsView.swift */; };
/* End PBXBuildFile section */

/* Begin PBXContainerItemProxy section */
		E5C1EBA42968E09200E7D0A5 /* PBXContainerItemProxy */ = {
			isa = PBXContainerItemProxy;
			containerPortal = E5C1EB8B2968E09100E7D0A5 /* Project object */;
			proxyType = 1;
			remoteGlobalIDString = E5C1EB922968E09100E7D0A5;
			remoteInfo = Daily;
		};
		E5C1EBAE2968E09200E7D0A5 /* PBXContainerItemProxy */ = {
			isa = PBXContainerItemProxy;
			containerPortal = E5C1EB8B2968E09100E7D0A5 /* Project object */;
			proxyType = 1;
			remoteGlobalIDString = E5C1EB922968E09100E7D0A5;
			remoteInfo = Daily;
		};
/* End PBXContainerItemProxy section */

/* Begin PBXFileReference section */
		E506224B29711A1000D84769 /* FloatingTabBar.swift */ = {isa = PBXFileReference; lastKnownFileType = sourcecode.swift; path = FloatingTabBar.swift; sourceTree = "<group>"; };
		E506224D29711B3D00D84769 /* DatePickerView.swift */ = {isa = PBXFileReference; lastKnownFileType = sourcecode.swift; path = DatePickerView.swift; sourceTree = "<group>"; };
		E506224F2971296500D84769 /* Test.swift */ = {isa = PBXFileReference; lastKnownFileType = sourcecode.swift; path = Test.swift; sourceTree = "<group>"; };
		E51C136A2972002200D7D123 /* SegmentedPicker.swift */ = {isa = PBXFileReference; lastKnownFileType = sourcecode.swift; path = SegmentedPicker.swift; sourceTree = "<group>"; };
		E5480632296FB5710067FEA0 /* DynamicTabHeader.swift */ = {isa = PBXFileReference; lastKnownFileType = sourcecode.swift; path = DynamicTabHeader.swift; sourceTree = "<group>"; };
		E5480634296FC6350067FEA0 /* ScrollViewOffset.swift */ = {isa = PBXFileReference; lastKnownFileType = sourcecode.swift; path = ScrollViewOffset.swift; sourceTree = "<group>"; };
		E5825000296CD41C00AE7C4A /* Tab.swift */ = {isa = PBXFileReference; lastKnownFileType = sourcecode.swift; path = Tab.swift; sourceTree = "<group>"; };
		E58AB9BB296B71DE00869B72 /* FootballPlayerStatsView.swift */ = {isa = PBXFileReference; lastKnownFileType = sourcecode.swift; path = FootballPlayerStatsView.swift; sourceTree = "<group>"; };
		E58AB9BD296B74B500869B72 /* FootballSummaryModel.swift */ = {isa = PBXFileReference; lastKnownFileType = sourcecode.swift; path = FootballSummaryModel.swift; sourceTree = "<group>"; };
		E5C0D307296E77770071BED0 /* LinescoreView.swift */ = {isa = PBXFileReference; lastKnownFileType = sourcecode.swift; path = LinescoreView.swift; sourceTree = "<group>"; };
		E5C1EB932968E09100E7D0A5 /* Daily.app */ = {isa = PBXFileReference; explicitFileType = wrapper.application; includeInIndex = 0; path = Daily.app; sourceTree = BUILT_PRODUCTS_DIR; };
		E5C1EB962968E09100E7D0A5 /* DailyApp.swift */ = {isa = PBXFileReference; lastKnownFileType = sourcecode.swift; path = DailyApp.swift; sourceTree = "<group>"; };
		E5C1EB982968E09100E7D0A5 /* ContentView.swift */ = {isa = PBXFileReference; lastKnownFileType = sourcecode.swift; path = ContentView.swift; sourceTree = "<group>"; };
		E5C1EB9A2968E09200E7D0A5 /* Assets.xcassets */ = {isa = PBXFileReference; lastKnownFileType = folder.assetcatalog; path = Assets.xcassets; sourceTree = "<group>"; };
		E5C1EB9D2968E09200E7D0A5 /* Preview Assets.xcassets */ = {isa = PBXFileReference; lastKnownFileType = folder.assetcatalog; path = "Preview Assets.xcassets"; sourceTree = "<group>"; };
		E5C1EBA32968E09200E7D0A5 /* DailyTests.xctest */ = {isa = PBXFileReference; explicitFileType = wrapper.cfbundle; includeInIndex = 0; path = DailyTests.xctest; sourceTree = BUILT_PRODUCTS_DIR; };
		E5C1EBA72968E09200E7D0A5 /* DailyTests.swift */ = {isa = PBXFileReference; lastKnownFileType = sourcecode.swift; path = DailyTests.swift; sourceTree = "<group>"; };
		E5C1EBAD2968E09200E7D0A5 /* DailyUITests.xctest */ = {isa = PBXFileReference; explicitFileType = wrapper.cfbundle; includeInIndex = 0; path = DailyUITests.xctest; sourceTree = BUILT_PRODUCTS_DIR; };
		E5C1EBB12968E09200E7D0A5 /* DailyUITests.swift */ = {isa = PBXFileReference; lastKnownFileType = sourcecode.swift; path = DailyUITests.swift; sourceTree = "<group>"; };
		E5C1EBB32968E09200E7D0A5 /* DailyUITestsLaunchTests.swift */ = {isa = PBXFileReference; lastKnownFileType = sourcecode.swift; path = DailyUITestsLaunchTests.swift; sourceTree = "<group>"; };
		E5C1EBC92968E19B00E7D0A5 /* HomeView.swift */ = {isa = PBXFileReference; lastKnownFileType = sourcecode.swift; path = HomeView.swift; sourceTree = "<group>"; };
		E5C1EBCB2968E1B900E7D0A5 /* Network.swift */ = {isa = PBXFileReference; lastKnownFileType = sourcecode.swift; path = Network.swift; sourceTree = "<group>"; };
		E5C1EBCD2968E1E300E7D0A5 /* ScoreView.swift */ = {isa = PBXFileReference; lastKnownFileType = sourcecode.swift; path = ScoreView.swift; sourceTree = "<group>"; };
		E5C1EBCF2968E24F00E7D0A5 /* ViewModel.swift */ = {isa = PBXFileReference; lastKnownFileType = sourcecode.swift; path = ViewModel.swift; sourceTree = "<group>"; };
		E5C1EBD22968E32600E7D0A5 /* Sections.swift */ = {isa = PBXFileReference; lastKnownFileType = sourcecode.swift; path = Sections.swift; sourceTree = "<group>"; };
		E5C1EBD42968E35000E7D0A5 /* SportsModel.swift */ = {isa = PBXFileReference; lastKnownFileType = sourcecode.swift; path = SportsModel.swift; sourceTree = "<group>"; };
		E5C1EBD62968E37500E7D0A5 /* Extensions.swift */ = {isa = PBXFileReference; lastKnownFileType = sourcecode.swift; path = Extensions.swift; sourceTree = "<group>"; };
		E5C1EBD82968F11500E7D0A5 /* BasketballSummaryModel.swift */ = {isa = PBXFileReference; lastKnownFileType = sourcecode.swift; path = BasketballSummaryModel.swift; sourceTree = "<group>"; };
		E5C1EBDA2968F47000E7D0A5 /* SummaryView.swift */ = {isa = PBXFileReference; lastKnownFileType = sourcecode.swift; path = SummaryView.swift; sourceTree = "<group>"; };
		E5E6D19E296A55EE00E6EF83 /* Info.plist */ = {isa = PBXFileReference; lastKnownFileType = text.plist; path = Info.plist; sourceTree = "<group>"; };
		E5E6D19F296A9AB600E6EF83 /* BasketballPlayerStatsView.swift */ = {isa = PBXFileReference; lastKnownFileType = sourcecode.swift; path = BasketballPlayerStatsView.swift; sourceTree = "<group>"; };
/* End PBXFileReference section */

/* Begin PBXFrameworksBuildPhase section */
		E5C1EB902968E09100E7D0A5 /* Frameworks */ = {
			isa = PBXFrameworksBuildPhase;
			buildActionMask = 2147483647;
			files = (
				E5C1EBC22968E0C100E7D0A5 /* SDWebImageSwiftUI in Frameworks */,
				E5C1EBC52968E0CC00E7D0A5 /* Introspect in Frameworks */,
			);
			runOnlyForDeploymentPostprocessing = 0;
		};
		E5C1EBA02968E09200E7D0A5 /* Frameworks */ = {
			isa = PBXFrameworksBuildPhase;
			buildActionMask = 2147483647;
			files = (
			);
			runOnlyForDeploymentPostprocessing = 0;
		};
		E5C1EBAA2968E09200E7D0A5 /* Frameworks */ = {
			isa = PBXFrameworksBuildPhase;
			buildActionMask = 2147483647;
			files = (
			);
			runOnlyForDeploymentPostprocessing = 0;
		};
/* End PBXFrameworksBuildPhase section */

/* Begin PBXGroup section */
		E5C1EB8A2968E09100E7D0A5 = {
			isa = PBXGroup;
			children = (
				E5C1EB952968E09100E7D0A5 /* Daily */,
				E5C1EBA62968E09200E7D0A5 /* DailyTests */,
				E5C1EBB02968E09200E7D0A5 /* DailyUITests */,
				E5C1EB942968E09100E7D0A5 /* Products */,
			);
			sourceTree = "<group>";
		};
		E5C1EB942968E09100E7D0A5 /* Products */ = {
			isa = PBXGroup;
			children = (
				E5C1EB932968E09100E7D0A5 /* Daily.app */,
				E5C1EBA32968E09200E7D0A5 /* DailyTests.xctest */,
				E5C1EBAD2968E09200E7D0A5 /* DailyUITests.xctest */,
			);
			name = Products;
			sourceTree = "<group>";
		};
		E5C1EB952968E09100E7D0A5 /* Daily */ = {
			isa = PBXGroup;
			children = (
				E5E6D19E296A55EE00E6EF83 /* Info.plist */,
				E5C1EB962968E09100E7D0A5 /* DailyApp.swift */,
				E5C1EB982968E09100E7D0A5 /* ContentView.swift */,
				E5480632296FB5710067FEA0 /* DynamicTabHeader.swift */,
				E506224B29711A1000D84769 /* FloatingTabBar.swift */,
				E5C1EBC82968E15100E7D0A5 /* Views */,
				E5C1EBC62968E0E800E7D0A5 /* ViewModels */,
				E5C1EBD12968E2F500E7D0A5 /* Models */,
				E5C1EBC72968E12A00E7D0A5 /* Networking */,
				E5C1EB9A2968E09200E7D0A5 /* Assets.xcassets */,
				E5C1EBD62968E37500E7D0A5 /* Extensions.swift */,
				E5C1EB9C2968E09200E7D0A5 /* Preview Content */,
			);
			path = Daily;
			sourceTree = "<group>";
		};
		E5C1EB9C2968E09200E7D0A5 /* Preview Content */ = {
			isa = PBXGroup;
			children = (
				E5C1EB9D2968E09200E7D0A5 /* Preview Assets.xcassets */,
			);
			path = "Preview Content";
			sourceTree = "<group>";
		};
		E5C1EBA62968E09200E7D0A5 /* DailyTests */ = {
			isa = PBXGroup;
			children = (
				E5C1EBA72968E09200E7D0A5 /* DailyTests.swift */,
			);
			path = DailyTests;
			sourceTree = "<group>";
		};
		E5C1EBB02968E09200E7D0A5 /* DailyUITests */ = {
			isa = PBXGroup;
			children = (
				E5C1EBB12968E09200E7D0A5 /* DailyUITests.swift */,
				E5C1EBB32968E09200E7D0A5 /* DailyUITestsLaunchTests.swift */,
			);
			path = DailyUITests;
			sourceTree = "<group>";
		};
		E5C1EBC62968E0E800E7D0A5 /* ViewModels */ = {
			isa = PBXGroup;
			children = (
				E5C1EBCF2968E24F00E7D0A5 /* ViewModel.swift */,
			);
			path = ViewModels;
			sourceTree = "<group>";
		};
		E5C1EBC72968E12A00E7D0A5 /* Networking */ = {
			isa = PBXGroup;
			children = (
				E5C1EBCB2968E1B900E7D0A5 /* Network.swift */,
			);
			path = Networking;
			sourceTree = "<group>";
		};
		E5C1EBC82968E15100E7D0A5 /* Views */ = {
			isa = PBXGroup;
			children = (
				E5C1EBC92968E19B00E7D0A5 /* HomeView.swift */,
				E5C1EBCD2968E1E300E7D0A5 /* ScoreView.swift */,
				E5C1EBDA2968F47000E7D0A5 /* SummaryView.swift */,
				E5C0D307296E77770071BED0 /* LinescoreView.swift */,
				E5E6D19F296A9AB600E6EF83 /* BasketballPlayerStatsView.swift */,
				E58AB9BB296B71DE00869B72 /* FootballPlayerStatsView.swift */,
				E506224D29711B3D00D84769 /* DatePickerView.swift */,
				E51C136A2972002200D7D123 /* SegmentedPicker.swift */,
				E5480634296FC6350067FEA0 /* ScrollViewOffset.swift */,
				E506224F2971296500D84769 /* Test.swift */,
			);
			path = Views;
			sourceTree = "<group>";
		};
		E5C1EBD12968E2F500E7D0A5 /* Models */ = {
			isa = PBXGroup;
			children = (
				E5C1EBD22968E32600E7D0A5 /* Sections.swift */,
				E5C1EBD42968E35000E7D0A5 /* SportsModel.swift */,
				E5C1EBD82968F11500E7D0A5 /* BasketballSummaryModel.swift */,
				E58AB9BD296B74B500869B72 /* FootballSummaryModel.swift */,
				E5825000296CD41C00AE7C4A /* Tab.swift */,
			);
			path = Models;
			sourceTree = "<group>";
		};
/* End PBXGroup section */

/* Begin PBXNativeTarget section */
		E5C1EB922968E09100E7D0A5 /* Daily */ = {
			isa = PBXNativeTarget;
			buildConfigurationList = E5C1EBB72968E09200E7D0A5 /* Build configuration list for PBXNativeTarget "Daily" */;
			buildPhases = (
				E5C1EB8F2968E09100E7D0A5 /* Sources */,
				E5C1EB902968E09100E7D0A5 /* Frameworks */,
				E5C1EB912968E09100E7D0A5 /* Resources */,
			);
			buildRules = (
			);
			dependencies = (
			);
			name = Daily;
			packageProductDependencies = (
				E5C1EBC12968E0C100E7D0A5 /* SDWebImageSwiftUI */,
				E5C1EBC42968E0CC00E7D0A5 /* Introspect */,
			);
			productName = Daily;
			productReference = E5C1EB932968E09100E7D0A5 /* Daily.app */;
			productType = "com.apple.product-type.application";
		};
		E5C1EBA22968E09200E7D0A5 /* DailyTests */ = {
			isa = PBXNativeTarget;
			buildConfigurationList = E5C1EBBA2968E09200E7D0A5 /* Build configuration list for PBXNativeTarget "DailyTests" */;
			buildPhases = (
				E5C1EB9F2968E09200E7D0A5 /* Sources */,
				E5C1EBA02968E09200E7D0A5 /* Frameworks */,
				E5C1EBA12968E09200E7D0A5 /* Resources */,
			);
			buildRules = (
			);
			dependencies = (
				E5C1EBA52968E09200E7D0A5 /* PBXTargetDependency */,
			);
			name = DailyTests;
			productName = DailyTests;
			productReference = E5C1EBA32968E09200E7D0A5 /* DailyTests.xctest */;
			productType = "com.apple.product-type.bundle.unit-test";
		};
		E5C1EBAC2968E09200E7D0A5 /* DailyUITests */ = {
			isa = PBXNativeTarget;
			buildConfigurationList = E5C1EBBD2968E09200E7D0A5 /* Build configuration list for PBXNativeTarget "DailyUITests" */;
			buildPhases = (
				E5C1EBA92968E09200E7D0A5 /* Sources */,
				E5C1EBAA2968E09200E7D0A5 /* Frameworks */,
				E5C1EBAB2968E09200E7D0A5 /* Resources */,
			);
			buildRules = (
			);
			dependencies = (
				E5C1EBAF2968E09200E7D0A5 /* PBXTargetDependency */,
			);
			name = DailyUITests;
			productName = DailyUITests;
			productReference = E5C1EBAD2968E09200E7D0A5 /* DailyUITests.xctest */;
			productType = "com.apple.product-type.bundle.ui-testing";
		};
/* End PBXNativeTarget section */

/* Begin PBXProject section */
		E5C1EB8B2968E09100E7D0A5 /* Project object */ = {
			isa = PBXProject;
			attributes = {
				BuildIndependentTargetsInParallel = 1;
				LastSwiftUpdateCheck = 1420;
				LastUpgradeCheck = 1420;
				TargetAttributes = {
					E5C1EB922968E09100E7D0A5 = {
						CreatedOnToolsVersion = 14.2;
					};
					E5C1EBA22968E09200E7D0A5 = {
						CreatedOnToolsVersion = 14.2;
						TestTargetID = E5C1EB922968E09100E7D0A5;
					};
					E5C1EBAC2968E09200E7D0A5 = {
						CreatedOnToolsVersion = 14.2;
						TestTargetID = E5C1EB922968E09100E7D0A5;
					};
				};
			};
			buildConfigurationList = E5C1EB8E2968E09100E7D0A5 /* Build configuration list for PBXProject "Daily" */;
			compatibilityVersion = "Xcode 14.0";
			developmentRegion = en;
			hasScannedForEncodings = 0;
			knownRegions = (
				en,
				Base,
			);
			mainGroup = E5C1EB8A2968E09100E7D0A5;
			packageReferences = (
				E5C1EBC02968E0C100E7D0A5 /* XCRemoteSwiftPackageReference "SDWebImageSwiftUI" */,
				E5C1EBC32968E0CC00E7D0A5 /* XCRemoteSwiftPackageReference "SwiftUI-Introspect" */,
			);
			productRefGroup = E5C1EB942968E09100E7D0A5 /* Products */;
			projectDirPath = "";
			projectRoot = "";
			targets = (
				E5C1EB922968E09100E7D0A5 /* Daily */,
				E5C1EBA22968E09200E7D0A5 /* DailyTests */,
				E5C1EBAC2968E09200E7D0A5 /* DailyUITests */,
			);
		};
/* End PBXProject section */

/* Begin PBXResourcesBuildPhase section */
		E5C1EB912968E09100E7D0A5 /* Resources */ = {
			isa = PBXResourcesBuildPhase;
			buildActionMask = 2147483647;
			files = (
				E5C1EB9E2968E09200E7D0A5 /* Preview Assets.xcassets in Resources */,
				E5C1EB9B2968E09200E7D0A5 /* Assets.xcassets in Resources */,
			);
			runOnlyForDeploymentPostprocessing = 0;
		};
		E5C1EBA12968E09200E7D0A5 /* Resources */ = {
			isa = PBXResourcesBuildPhase;
			buildActionMask = 2147483647;
			files = (
			);
			runOnlyForDeploymentPostprocessing = 0;
		};
		E5C1EBAB2968E09200E7D0A5 /* Resources */ = {
			isa = PBXResourcesBuildPhase;
			buildActionMask = 2147483647;
			files = (
			);
			runOnlyForDeploymentPostprocessing = 0;
		};
/* End PBXResourcesBuildPhase section */

/* Begin PBXSourcesBuildPhase section */
		E5C1EB8F2968E09100E7D0A5 /* Sources */ = {
			isa = PBXSourcesBuildPhase;
			buildActionMask = 2147483647;
			files = (
				E58AB9BC296B71DE00869B72 /* FootballPlayerStatsView.swift in Sources */,
				E58AB9BE296B74B500869B72 /* FootballSummaryModel.swift in Sources */,
				E5E6D1A0296A9AB600E6EF83 /* BasketballPlayerStatsView.swift in Sources */,
				E5480633296FB5710067FEA0 /* DynamicTabHeader.swift in Sources */,
				E51C136B2972002300D7D123 /* SegmentedPicker.swift in Sources */,
				E5C1EBD52968E35000E7D0A5 /* SportsModel.swift in Sources */,
				E506224C29711A1000D84769 /* FloatingTabBar.swift in Sources */,
				E5C1EBD72968E37500E7D0A5 /* Extensions.swift in Sources */,
				E5C1EB992968E09100E7D0A5 /* ContentView.swift in Sources */,
				E5C1EBD32968E32600E7D0A5 /* Sections.swift in Sources */,
				E5C1EBCA2968E19B00E7D0A5 /* HomeView.swift in Sources */,
				E5C1EBCE2968E1E300E7D0A5 /* ScoreView.swift in Sources */,
				E5480635296FC6350067FEA0 /* ScrollViewOffset.swift in Sources */,
				E5C1EBCC2968E1B900E7D0A5 /* Network.swift in Sources */,
				E5C1EBD02968E24F00E7D0A5 /* ViewModel.swift in Sources */,
				E5C1EBD92968F11500E7D0A5 /* BasketballSummaryModel.swift in Sources */,
				E5825001296CD41C00AE7C4A /* Tab.swift in Sources */,
				E5C0D308296E77770071BED0 /* LinescoreView.swift in Sources */,
				E50622502971296500D84769 /* Test.swift in Sources */,
				E5C1EB972968E09100E7D0A5 /* DailyApp.swift in Sources */,
				E5C1EBDB2968F47000E7D0A5 /* SummaryView.swift in Sources */,
				E506224E29711B3D00D84769 /* DatePickerView.swift in Sources */,
			);
			runOnlyForDeploymentPostprocessing = 0;
		};
		E5C1EB9F2968E09200E7D0A5 /* Sources */ = {
			isa = PBXSourcesBuildPhase;
			buildActionMask = 2147483647;
			files = (
				E5C1EBA82968E09200E7D0A5 /* DailyTests.swift in Sources */,
			);
			runOnlyForDeploymentPostprocessing = 0;
		};
		E5C1EBA92968E09200E7D0A5 /* Sources */ = {
			isa = PBXSourcesBuildPhase;
			buildActionMask = 2147483647;
			files = (
				E5C1EBB42968E09200E7D0A5 /* DailyUITestsLaunchTests.swift in Sources */,
				E5C1EBB22968E09200E7D0A5 /* DailyUITests.swift in Sources */,
			);
			runOnlyForDeploymentPostprocessing = 0;
		};
/* End PBXSourcesBuildPhase section */

/* Begin PBXTargetDependency section */
		E5C1EBA52968E09200E7D0A5 /* PBXTargetDependency */ = {
			isa = PBXTargetDependency;
			target = E5C1EB922968E09100E7D0A5 /* Daily */;
			targetProxy = E5C1EBA42968E09200E7D0A5 /* PBXContainerItemProxy */;
		};
		E5C1EBAF2968E09200E7D0A5 /* PBXTargetDependency */ = {
			isa = PBXTargetDependency;
			target = E5C1EB922968E09100E7D0A5 /* Daily */;
			targetProxy = E5C1EBAE2968E09200E7D0A5 /* PBXContainerItemProxy */;
		};
/* End PBXTargetDependency section */

/* Begin XCBuildConfiguration section */
		E5C1EBB52968E09200E7D0A5 /* Debug */ = {
			isa = XCBuildConfiguration;
			buildSettings = {
				ALWAYS_SEARCH_USER_PATHS = NO;
				CLANG_ANALYZER_NONNULL = YES;
				CLANG_ANALYZER_NUMBER_OBJECT_CONVERSION = YES_AGGRESSIVE;
				CLANG_CXX_LANGUAGE_STANDARD = "gnu++20";
				CLANG_ENABLE_MODULES = YES;
				CLANG_ENABLE_OBJC_ARC = YES;
				CLANG_ENABLE_OBJC_WEAK = YES;
				CLANG_WARN_BLOCK_CAPTURE_AUTORELEASING = YES;
				CLANG_WARN_BOOL_CONVERSION = YES;
				CLANG_WARN_COMMA = YES;
				CLANG_WARN_CONSTANT_CONVERSION = YES;
				CLANG_WARN_DEPRECATED_OBJC_IMPLEMENTATIONS = YES;
				CLANG_WARN_DIRECT_OBJC_ISA_USAGE = YES_ERROR;
				CLANG_WARN_DOCUMENTATION_COMMENTS = YES;
				CLANG_WARN_EMPTY_BODY = YES;
				CLANG_WARN_ENUM_CONVERSION = YES;
				CLANG_WARN_INFINITE_RECURSION = YES;
				CLANG_WARN_INT_CONVERSION = YES;
				CLANG_WARN_NON_LITERAL_NULL_CONVERSION = YES;
				CLANG_WARN_OBJC_IMPLICIT_RETAIN_SELF = YES;
				CLANG_WARN_OBJC_LITERAL_CONVERSION = YES;
				CLANG_WARN_OBJC_ROOT_CLASS = YES_ERROR;
				CLANG_WARN_QUOTED_INCLUDE_IN_FRAMEWORK_HEADER = YES;
				CLANG_WARN_RANGE_LOOP_ANALYSIS = YES;
				CLANG_WARN_STRICT_PROTOTYPES = YES;
				CLANG_WARN_SUSPICIOUS_MOVE = YES;
				CLANG_WARN_UNGUARDED_AVAILABILITY = YES_AGGRESSIVE;
				CLANG_WARN_UNREACHABLE_CODE = YES;
				CLANG_WARN__DUPLICATE_METHOD_MATCH = YES;
				COPY_PHASE_STRIP = NO;
				DEBUG_INFORMATION_FORMAT = dwarf;
				ENABLE_STRICT_OBJC_MSGSEND = YES;
				ENABLE_TESTABILITY = YES;
				GCC_C_LANGUAGE_STANDARD = gnu11;
				GCC_DYNAMIC_NO_PIC = NO;
				GCC_NO_COMMON_BLOCKS = YES;
				GCC_OPTIMIZATION_LEVEL = 0;
				GCC_PREPROCESSOR_DEFINITIONS = (
					"DEBUG=1",
					"$(inherited)",
				);
				GCC_WARN_64_TO_32_BIT_CONVERSION = YES;
				GCC_WARN_ABOUT_RETURN_TYPE = YES_ERROR;
				GCC_WARN_UNDECLARED_SELECTOR = YES;
				GCC_WARN_UNINITIALIZED_AUTOS = YES_AGGRESSIVE;
				GCC_WARN_UNUSED_FUNCTION = YES;
				GCC_WARN_UNUSED_VARIABLE = YES;
				IPHONEOS_DEPLOYMENT_TARGET = 16.2;
				MTL_ENABLE_DEBUG_INFO = INCLUDE_SOURCE;
				MTL_FAST_MATH = YES;
				ONLY_ACTIVE_ARCH = YES;
				SDKROOT = iphoneos;
				SWIFT_ACTIVE_COMPILATION_CONDITIONS = DEBUG;
				SWIFT_OPTIMIZATION_LEVEL = "-Onone";
			};
			name = Debug;
		};
		E5C1EBB62968E09200E7D0A5 /* Release */ = {
			isa = XCBuildConfiguration;
			buildSettings = {
				ALWAYS_SEARCH_USER_PATHS = NO;
				CLANG_ANALYZER_NONNULL = YES;
				CLANG_ANALYZER_NUMBER_OBJECT_CONVERSION = YES_AGGRESSIVE;
				CLANG_CXX_LANGUAGE_STANDARD = "gnu++20";
				CLANG_ENABLE_MODULES = YES;
				CLANG_ENABLE_OBJC_ARC = YES;
				CLANG_ENABLE_OBJC_WEAK = YES;
				CLANG_WARN_BLOCK_CAPTURE_AUTORELEASING = YES;
				CLANG_WARN_BOOL_CONVERSION = YES;
				CLANG_WARN_COMMA = YES;
				CLANG_WARN_CONSTANT_CONVERSION = YES;
				CLANG_WARN_DEPRECATED_OBJC_IMPLEMENTATIONS = YES;
				CLANG_WARN_DIRECT_OBJC_ISA_USAGE = YES_ERROR;
				CLANG_WARN_DOCUMENTATION_COMMENTS = YES;
				CLANG_WARN_EMPTY_BODY = YES;
				CLANG_WARN_ENUM_CONVERSION = YES;
				CLANG_WARN_INFINITE_RECURSION = YES;
				CLANG_WARN_INT_CONVERSION = YES;
				CLANG_WARN_NON_LITERAL_NULL_CONVERSION = YES;
				CLANG_WARN_OBJC_IMPLICIT_RETAIN_SELF = YES;
				CLANG_WARN_OBJC_LITERAL_CONVERSION = YES;
				CLANG_WARN_OBJC_ROOT_CLASS = YES_ERROR;
				CLANG_WARN_QUOTED_INCLUDE_IN_FRAMEWORK_HEADER = YES;
				CLANG_WARN_RANGE_LOOP_ANALYSIS = YES;
				CLANG_WARN_STRICT_PROTOTYPES = YES;
				CLANG_WARN_SUSPICIOUS_MOVE = YES;
				CLANG_WARN_UNGUARDED_AVAILABILITY = YES_AGGRESSIVE;
				CLANG_WARN_UNREACHABLE_CODE = YES;
				CLANG_WARN__DUPLICATE_METHOD_MATCH = YES;
				COPY_PHASE_STRIP = NO;
				DEBUG_INFORMATION_FORMAT = "dwarf-with-dsym";
				ENABLE_NS_ASSERTIONS = NO;
				ENABLE_STRICT_OBJC_MSGSEND = YES;
				GCC_C_LANGUAGE_STANDARD = gnu11;
				GCC_NO_COMMON_BLOCKS = YES;
				GCC_WARN_64_TO_32_BIT_CONVERSION = YES;
				GCC_WARN_ABOUT_RETURN_TYPE = YES_ERROR;
				GCC_WARN_UNDECLARED_SELECTOR = YES;
				GCC_WARN_UNINITIALIZED_AUTOS = YES_AGGRESSIVE;
				GCC_WARN_UNUSED_FUNCTION = YES;
				GCC_WARN_UNUSED_VARIABLE = YES;
				IPHONEOS_DEPLOYMENT_TARGET = 16.2;
				MTL_ENABLE_DEBUG_INFO = NO;
				MTL_FAST_MATH = YES;
				SDKROOT = iphoneos;
				SWIFT_COMPILATION_MODE = wholemodule;
				SWIFT_OPTIMIZATION_LEVEL = "-O";
				VALIDATE_PRODUCT = YES;
			};
			name = Release;
		};
		E5C1EBB82968E09200E7D0A5 /* Debug */ = {
			isa = XCBuildConfiguration;
			buildSettings = {
				ASSETCATALOG_COMPILER_APPICON_NAME = AppIcon;
				ASSETCATALOG_COMPILER_GLOBAL_ACCENT_COLOR_NAME = AccentColor;
				CODE_SIGN_STYLE = Automatic;
				CURRENT_PROJECT_VERSION = 1;
				DEVELOPMENT_ASSET_PATHS = "\"Daily/Preview Content\"";
				DEVELOPMENT_TEAM = 77TRP2G374;
				ENABLE_PREVIEWS = YES;
				GENERATE_INFOPLIST_FILE = YES;
				INFOPLIST_FILE = Daily/Info.plist;
				INFOPLIST_KEY_UIApplicationSceneManifest_Generation = YES;
				INFOPLIST_KEY_UIApplicationSupportsIndirectInputEvents = YES;
				INFOPLIST_KEY_UILaunchScreen_Generation = YES;
				INFOPLIST_KEY_UISupportedInterfaceOrientations_iPad = "UIInterfaceOrientationPortrait UIInterfaceOrientationPortraitUpsideDown UIInterfaceOrientationLandscapeLeft UIInterfaceOrientationLandscapeRight";
				INFOPLIST_KEY_UISupportedInterfaceOrientations_iPhone = "UIInterfaceOrientationPortrait UIInterfaceOrientationLandscapeLeft UIInterfaceOrientationLandscapeRight";
				LD_RUNPATH_SEARCH_PATHS = (
					"$(inherited)",
					"@executable_path/Frameworks",
				);
				MARKETING_VERSION = 1.0;
				PRODUCT_BUNDLE_IDENTIFIER = com.MichaelGillund.Daily;
				PRODUCT_NAME = "$(TARGET_NAME)";
				SWIFT_EMIT_LOC_STRINGS = YES;
				SWIFT_VERSION = 5.0;
				TARGETED_DEVICE_FAMILY = "1,2";
			};
			name = Debug;
		};
		E5C1EBB92968E09200E7D0A5 /* Release */ = {
			isa = XCBuildConfiguration;
			buildSettings = {
				ASSETCATALOG_COMPILER_APPICON_NAME = AppIcon;
				ASSETCATALOG_COMPILER_GLOBAL_ACCENT_COLOR_NAME = AccentColor;
				CODE_SIGN_STYLE = Automatic;
				CURRENT_PROJECT_VERSION = 1;
				DEVELOPMENT_ASSET_PATHS = "\"Daily/Preview Content\"";
				DEVELOPMENT_TEAM = 77TRP2G374;
				ENABLE_PREVIEWS = YES;
				GENERATE_INFOPLIST_FILE = YES;
				INFOPLIST_FILE = Daily/Info.plist;
				INFOPLIST_KEY_UIApplicationSceneManifest_Generation = YES;
				INFOPLIST_KEY_UIApplicationSupportsIndirectInputEvents = YES;
				INFOPLIST_KEY_UILaunchScreen_Generation = YES;
				INFOPLIST_KEY_UISupportedInterfaceOrientations_iPad = "UIInterfaceOrientationPortrait UIInterfaceOrientationPortraitUpsideDown UIInterfaceOrientationLandscapeLeft UIInterfaceOrientationLandscapeRight";
				INFOPLIST_KEY_UISupportedInterfaceOrientations_iPhone = "UIInterfaceOrientationPortrait UIInterfaceOrientationLandscapeLeft UIInterfaceOrientationLandscapeRight";
				LD_RUNPATH_SEARCH_PATHS = (
					"$(inherited)",
					"@executable_path/Frameworks",
				);
				MARKETING_VERSION = 1.0;
				PRODUCT_BUNDLE_IDENTIFIER = com.MichaelGillund.Daily;
				PRODUCT_NAME = "$(TARGET_NAME)";
				SWIFT_EMIT_LOC_STRINGS = YES;
				SWIFT_VERSION = 5.0;
				TARGETED_DEVICE_FAMILY = "1,2";
			};
			name = Release;
		};
		E5C1EBBB2968E09200E7D0A5 /* Debug */ = {
			isa = XCBuildConfiguration;
			buildSettings = {
				ALWAYS_EMBED_SWIFT_STANDARD_LIBRARIES = YES;
				BUNDLE_LOADER = "$(TEST_HOST)";
				CODE_SIGN_STYLE = Automatic;
				CURRENT_PROJECT_VERSION = 1;
				DEVELOPMENT_TEAM = 77TRP2G374;
				GENERATE_INFOPLIST_FILE = YES;
				IPHONEOS_DEPLOYMENT_TARGET = 16.2;
				MARKETING_VERSION = 1.0;
				PRODUCT_BUNDLE_IDENTIFIER = com.MichaelGillund.DailyTests;
				PRODUCT_NAME = "$(TARGET_NAME)";
				SWIFT_EMIT_LOC_STRINGS = NO;
				SWIFT_VERSION = 5.0;
				TARGETED_DEVICE_FAMILY = "1,2";
				TEST_HOST = "$(BUILT_PRODUCTS_DIR)/Daily.app/$(BUNDLE_EXECUTABLE_FOLDER_PATH)/Daily";
			};
			name = Debug;
		};
		E5C1EBBC2968E09200E7D0A5 /* Release */ = {
			isa = XCBuildConfiguration;
			buildSettings = {
				ALWAYS_EMBED_SWIFT_STANDARD_LIBRARIES = YES;
				BUNDLE_LOADER = "$(TEST_HOST)";
				CODE_SIGN_STYLE = Automatic;
				CURRENT_PROJECT_VERSION = 1;
				DEVELOPMENT_TEAM = 77TRP2G374;
				GENERATE_INFOPLIST_FILE = YES;
				IPHONEOS_DEPLOYMENT_TARGET = 16.2;
				MARKETING_VERSION = 1.0;
				PRODUCT_BUNDLE_IDENTIFIER = com.MichaelGillund.DailyTests;
				PRODUCT_NAME = "$(TARGET_NAME)";
				SWIFT_EMIT_LOC_STRINGS = NO;
				SWIFT_VERSION = 5.0;
				TARGETED_DEVICE_FAMILY = "1,2";
				TEST_HOST = "$(BUILT_PRODUCTS_DIR)/Daily.app/$(BUNDLE_EXECUTABLE_FOLDER_PATH)/Daily";
			};
			name = Release;
		};
		E5C1EBBE2968E09200E7D0A5 /* Debug */ = {
			isa = XCBuildConfiguration;
			buildSettings = {
				ALWAYS_EMBED_SWIFT_STANDARD_LIBRARIES = YES;
				CODE_SIGN_STYLE = Automatic;
				CURRENT_PROJECT_VERSION = 1;
				DEVELOPMENT_TEAM = 77TRP2G374;
				GENERATE_INFOPLIST_FILE = YES;
				MARKETING_VERSION = 1.0;
				PRODUCT_BUNDLE_IDENTIFIER = com.MichaelGillund.DailyUITests;
				PRODUCT_NAME = "$(TARGET_NAME)";
				SWIFT_EMIT_LOC_STRINGS = NO;
				SWIFT_VERSION = 5.0;
				TARGETED_DEVICE_FAMILY = "1,2";
				TEST_TARGET_NAME = Daily;
			};
			name = Debug;
		};
		E5C1EBBF2968E09200E7D0A5 /* Release */ = {
			isa = XCBuildConfiguration;
			buildSettings = {
				ALWAYS_EMBED_SWIFT_STANDARD_LIBRARIES = YES;
				CODE_SIGN_STYLE = Automatic;
				CURRENT_PROJECT_VERSION = 1;
				DEVELOPMENT_TEAM = 77TRP2G374;
				GENERATE_INFOPLIST_FILE = YES;
				MARKETING_VERSION = 1.0;
				PRODUCT_BUNDLE_IDENTIFIER = com.MichaelGillund.DailyUITests;
				PRODUCT_NAME = "$(TARGET_NAME)";
				SWIFT_EMIT_LOC_STRINGS = NO;
				SWIFT_VERSION = 5.0;
				TARGETED_DEVICE_FAMILY = "1,2";
				TEST_TARGET_NAME = Daily;
			};
			name = Release;
		};
/* End XCBuildConfiguration section */

/* Begin XCConfigurationList section */
		E5C1EB8E2968E09100E7D0A5 /* Build configuration list for PBXProject "Daily" */ = {
			isa = XCConfigurationList;
			buildConfigurations = (
				E5C1EBB52968E09200E7D0A5 /* Debug */,
				E5C1EBB62968E09200E7D0A5 /* Release */,
			);
			defaultConfigurationIsVisible = 0;
			defaultConfigurationName = Release;
		};
		E5C1EBB72968E09200E7D0A5 /* Build configuration list for PBXNativeTarget "Daily" */ = {
			isa = XCConfigurationList;
			buildConfigurations = (
				E5C1EBB82968E09200E7D0A5 /* Debug */,
				E5C1EBB92968E09200E7D0A5 /* Release */,
			);
			defaultConfigurationIsVisible = 0;
			defaultConfigurationName = Release;
		};
		E5C1EBBA2968E09200E7D0A5 /* Build configuration list for PBXNativeTarget "DailyTests" */ = {
			isa = XCConfigurationList;
			buildConfigurations = (
				E5C1EBBB2968E09200E7D0A5 /* Debug */,
				E5C1EBBC2968E09200E7D0A5 /* Release */,
			);
			defaultConfigurationIsVisible = 0;
			defaultConfigurationName = Release;
		};
		E5C1EBBD2968E09200E7D0A5 /* Build configuration list for PBXNativeTarget "DailyUITests" */ = {
			isa = XCConfigurationList;
			buildConfigurations = (
				E5C1EBBE2968E09200E7D0A5 /* Debug */,
				E5C1EBBF2968E09200E7D0A5 /* Release */,
			);
			defaultConfigurationIsVisible = 0;
			defaultConfigurationName = Release;
		};
/* End XCConfigurationList section */

/* Begin XCRemoteSwiftPackageReference section */
		E5C1EBC02968E0C100E7D0A5 /* XCRemoteSwiftPackageReference "SDWebImageSwiftUI" */ = {
			isa = XCRemoteSwiftPackageReference;
			repositoryURL = "https://github.com/SDWebImage/SDWebImageSwiftUI";
			requirement = {
				kind = upToNextMajorVersion;
				minimumVersion = 2.0.0;
			};
		};
		E5C1EBC32968E0CC00E7D0A5 /* XCRemoteSwiftPackageReference "SwiftUI-Introspect" */ = {
			isa = XCRemoteSwiftPackageReference;
			repositoryURL = "https://github.com/siteline/SwiftUI-Introspect";
			requirement = {
				kind = upToNextMajorVersion;
				minimumVersion = 0.1.4;
			};
		};
/* End XCRemoteSwiftPackageReference section */

/* Begin XCSwiftPackageProductDependency section */
		E5C1EBC12968E0C100E7D0A5 /* SDWebImageSwiftUI */ = {
			isa = XCSwiftPackageProductDependency;
			package = E5C1EBC02968E0C100E7D0A5 /* XCRemoteSwiftPackageReference "SDWebImageSwiftUI" */;
			productName = SDWebImageSwiftUI;
		};
		E5C1EBC42968E0CC00E7D0A5 /* Introspect */ = {
			isa = XCSwiftPackageProductDependency;
			package = E5C1EBC32968E0CC00E7D0A5 /* XCRemoteSwiftPackageReference "SwiftUI-Introspect" */;
			productName = Introspect;
		};
/* End XCSwiftPackageProductDependency section */
	};
	rootObject = E5C1EB8B2968E09100E7D0A5 /* Project object */;
}
